
Microsoft Visual Studio Solution File, Format Version 12.00
# Visual Studio Version 16
VisualStudioVersion = 16.0.30225.117
MinimumVisualStudioVersion = 10.0.40219.1
Project("{FAE04EC0-301F-11D3-BF4B-00C04F79EFBC}") = "3.3.2 Super String", "3.3.2 Super String.csproj", "{DE388D54-35C8-4E6D-B98E-3B9031E5F56F}"
EndProject
Global
	GlobalSection(SolutionConfigurationPlatforms) = preSolution
		Debug|Any CPU = Debug|Any CPU
		Release|Any CPU = Release|Any CPU
	EndGlobalSection
	GlobalSection(ProjectConfigurationPlatforms) = postSolution
		{DE388D54-35C8-4E6D-B98E-3B9031E5F56F}.Debug|Any CPU.ActiveCfg = Debug|Any CPU
		{DE388D54-35C8-4E6D-B98E-3B9031E5F56F}.Debug|Any CPU.Build.0 = Debug|Any CPU
		{DE388D54-35C8-4E6D-B98E-3B9031E5F56F}.Release|Any CPU.ActiveCfg = Release|Any CPU
		{DE388D54-35C8-4E6D-B98E-3B9031E5F56F}.Release|Any CPU.Build.0 = Release|Any CPU
	EndGlobalSection
	GlobalSection(SolutionProperties) = preSolution
		HideSolutionNode = FALSE
	EndGlobalSection
	GlobalSection(ExtensibilityGlobals) = postSolution
		SolutionGuid = {B0BB7EDC-3E83-4735-AAFE-5B93505BA850}
	EndGlobalSection
EndGlobal
