
Microsoft Visual Studio Solution File, Format Version 12.00
# Visual Studio Version 16
VisualStudioVersion = 16.0.30225.117
MinimumVisualStudioVersion = 10.0.40219.1
Project("{FAE04EC0-301F-11D3-BF4B-00C04F79EFBC}") = "3.1.2 Text Analysis", "3.1.2 Text Analysis.csproj", "{C5CE8FDB-0A2B-4E7B-A130-AE81DA79AB3B}"
EndProject
Global
	GlobalSection(SolutionConfigurationPlatforms) = preSolution
		Debug|Any CPU = Debug|Any CPU
		Release|Any CPU = Release|Any CPU
	EndGlobalSection
	GlobalSection(ProjectConfigurationPlatforms) = postSolution
		{C5CE8FDB-0A2B-4E7B-A130-AE81DA79AB3B}.Debug|Any CPU.ActiveCfg = Debug|Any CPU
		{C5CE8FDB-0A2B-4E7B-A130-AE81DA79AB3B}.Debug|Any CPU.Build.0 = Debug|Any CPU
		{C5CE8FDB-0A2B-4E7B-A130-AE81DA79AB3B}.Release|Any CPU.ActiveCfg = Release|Any CPU
		{C5CE8FDB-0A2B-4E7B-A130-AE81DA79AB3B}.Release|Any CPU.Build.0 = Release|Any CPU
	EndGlobalSection
	GlobalSection(SolutionProperties) = preSolution
		HideSolutionNode = FALSE
	EndGlobalSection
	GlobalSection(ExtensibilityGlobals) = postSolution
		SolutionGuid = {1DBC8EAC-FA62-44C5-A606-311ED5CFD688}
	EndGlobalSection
EndGlobal
